
Microsoft Visual Studio Solution File, Format Version 12.00
# Visual Studio Version 17
VisualStudioVersion = 17.9.34622.214
MinimumVisualStudioVersion = 10.0.40219.1
Project("{FAE04EC0-301F-11D3-BF4B-00C04F79EFBC}") = "BackgroundWPF", "BackgroundWPF.csproj", "{DE6BB692-86DF-44A1-ACAE-B697AB3F234B}"
EndProject
Global
	GlobalSection(SolutionConfigurationPlatforms) = preSolution
		Debug|Any CPU = Debug|Any CPU
		Release|Any CPU = Release|Any CPU
	EndGlobalSection
	GlobalSection(ProjectConfigurationPlatforms) = postSolution
		{DE6BB692-86DF-44A1-ACAE-B697AB3F234B}.Debug|Any CPU.ActiveCfg = Debug|Any CPU
		{DE6BB692-86DF-44A1-ACAE-B697AB3F234B}.Debug|Any CPU.Build.0 = Debug|Any CPU
		{DE6BB692-86DF-44A1-ACAE-B697AB3F234B}.Release|Any CPU.ActiveCfg = Release|Any CPU
		{DE6BB692-86DF-44A1-ACAE-B697AB3F234B}.Release|Any CPU.Build.0 = Release|Any CPU
	EndGlobalSection
	GlobalSection(SolutionProperties) = preSolution
		HideSolutionNode = FALSE
	EndGlobalSection
	GlobalSection(ExtensibilityGlobals) = postSolution
		SolutionGuid = {98E019DD-2F15-4E35-9C7B-71496AF5156C}
	EndGlobalSection
EndGlobal
